uuid: 199ee393-681d-45b7-8d61-468191107bb3
langcode: en
status: true
dependencies:
  config:
    - views.view.user_profile
  module:
    - system
    - views
  theme:
    - openintranet_theme
id: user_profile_block
theme: openintranet_theme
region: sidebar_first
weight: 0
provider: null
plugin: 'views_block:user_profile-block'
settings:
  id: 'views_block:user_profile-block'
  label: ''
  label_display: '0'
  provider: views
  context_mapping: {  }
  views_label: ''
  items_per_page: none
visibility:
  request_path:
    id: request_path
    negate: false
    pages: '/users/*'
